
Microsoft Visual Studio Solution File, Format Version 12.00
# Visual Studio Version 17
VisualStudioVersion = 17.8.34316.72
MinimumVisualStudioVersion = 10.0.40219.1
Project("{9A19103F-16F7-4668-BE54-9A1E7A4F7556}") = "zhp", "zhp\zhp.csproj", "{0247C57D-7FE6-4CAD-BC08-525A9E18A68C}"
EndProject
Project("{FAE04EC0-301F-11D3-BF4B-00C04F79EFBC}") = "ezis", "ezis\ezis.csproj", "{E6EA74F9-868F-44D3-96CF-B31660B571A9}"
EndProject
Global
	GlobalSection(SolutionConfigurationPlatforms) = preSolution
		Debug|Any CPU = Debug|Any CPU
		Release|Any CPU = Release|Any CPU
	EndGlobalSection
	GlobalSection(ProjectConfigurationPlatforms) = postSolution
		{0247C57D-7FE6-4CAD-BC08-525A9E18A68C}.Debug|Any CPU.ActiveCfg = Debug|Any CPU
		{0247C57D-7FE6-4CAD-BC08-525A9E18A68C}.Debug|Any CPU.Build.0 = Debug|Any CPU
		{0247C57D-7FE6-4CAD-BC08-525A9E18A68C}.Release|Any CPU.ActiveCfg = Release|Any CPU
		{0247C57D-7FE6-4CAD-BC08-525A9E18A68C}.Release|Any CPU.Build.0 = Release|Any CPU
		{E6EA74F9-868F-44D3-96CF-B31660B571A9}.Debug|Any CPU.ActiveCfg = Debug|Any CPU
		{E6EA74F9-868F-44D3-96CF-B31660B571A9}.Debug|Any CPU.Build.0 = Debug|Any CPU
		{E6EA74F9-868F-44D3-96CF-B31660B571A9}.Release|Any CPU.ActiveCfg = Release|Any CPU
		{E6EA74F9-868F-44D3-96CF-B31660B571A9}.Release|Any CPU.Build.0 = Release|Any CPU
	EndGlobalSection
	GlobalSection(SolutionProperties) = preSolution
		HideSolutionNode = FALSE
	EndGlobalSection
	GlobalSection(ExtensibilityGlobals) = postSolution
		SolutionGuid = {268F81EB-2E9A-4126-BB6F-13E759B7A7DA}
	EndGlobalSection
EndGlobal
